
Microsoft Visual Studio Solution File, Format Version 12.00
# Visual Studio Version 17
VisualStudioVersion = 17.9.34622.214
MinimumVisualStudioVersion = 10.0.40219.1
Project("{FAE04EC0-301F-11D3-BF4B-00C04F79EFBC}") = "Lekcja7.Zad.4", "Lekcja7.Zad.4\Lekcja7.Zad.4.csproj", "{31A618E2-3841-4BD7-A9D8-A2A1501FF0AE}"
EndProject
Global
	GlobalSection(SolutionConfigurationPlatforms) = preSolution
		Debug|Any CPU = Debug|Any CPU
		Release|Any CPU = Release|Any CPU
	EndGlobalSection
	GlobalSection(ProjectConfigurationPlatforms) = postSolution
		{31A618E2-3841-4BD7-A9D8-A2A1501FF0AE}.Debug|Any CPU.ActiveCfg = Debug|Any CPU
		{31A618E2-3841-4BD7-A9D8-A2A1501FF0AE}.Debug|Any CPU.Build.0 = Debug|Any CPU
		{31A618E2-3841-4BD7-A9D8-A2A1501FF0AE}.Release|Any CPU.ActiveCfg = Release|Any CPU
		{31A618E2-3841-4BD7-A9D8-A2A1501FF0AE}.Release|Any CPU.Build.0 = Release|Any CPU
	EndGlobalSection
	GlobalSection(SolutionProperties) = preSolution
		HideSolutionNode = FALSE
	EndGlobalSection
	GlobalSection(ExtensibilityGlobals) = postSolution
		SolutionGuid = {656D0662-81BF-45E0-9601-DEABEC8DB89F}
	EndGlobalSection
EndGlobal
